
Microsoft Visual Studio Solution File, Format Version 12.00
# Visual Studio Version 16
VisualStudioVersion = 16.0.30128.74
MinimumVisualStudioVersion = 10.0.40219.1
Project("{FAE04EC0-301F-11D3-BF4B-00C04F79EFBC}") = "MethodAssignment5", "MethodAssignment5\MethodAssignment5.csproj", "{4770757B-3CC6-4039-96C0-C4AF0658BC6A}"
EndProject
Global
	GlobalSection(SolutionConfigurationPlatforms) = preSolution
		Debug|Any CPU = Debug|Any CPU
		Release|Any CPU = Release|Any CPU
	EndGlobalSection
	GlobalSection(ProjectConfigurationPlatforms) = postSolution
		{4770757B-3CC6-4039-96C0-C4AF0658BC6A}.Debug|Any CPU.ActiveCfg = Debug|Any CPU
		{4770757B-3CC6-4039-96C0-C4AF0658BC6A}.Debug|Any CPU.Build.0 = Debug|Any CPU
		{4770757B-3CC6-4039-96C0-C4AF0658BC6A}.Release|Any CPU.ActiveCfg = Release|Any CPU
		{4770757B-3CC6-4039-96C0-C4AF0658BC6A}.Release|Any CPU.Build.0 = Release|Any CPU
	EndGlobalSection
	GlobalSection(SolutionProperties) = preSolution
		HideSolutionNode = FALSE
	EndGlobalSection
	GlobalSection(ExtensibilityGlobals) = postSolution
		SolutionGuid = {83D25D65-3076-4E5B-8186-33EEE97FEB29}
	EndGlobalSection
EndGlobal
