
Microsoft Visual Studio Solution File, Format Version 12.00
# Visual Studio Version 16
VisualStudioVersion = 16.0.30128.74
MinimumVisualStudioVersion = 10.0.40219.1
Project("{FAE04EC0-301F-11D3-BF4B-00C04F79EFBC}") = "ConstAssignment", "ConstAssignment\ConstAssignment.csproj", "{D7765E97-B97D-4C51-B30A-018DA4A60026}"
EndProject
Global
	GlobalSection(SolutionConfigurationPlatforms) = preSolution
		Debug|Any CPU = Debug|Any CPU
		Release|Any CPU = Release|Any CPU
	EndGlobalSection
	GlobalSection(ProjectConfigurationPlatforms) = postSolution
		{D7765E97-B97D-4C51-B30A-018DA4A60026}.Debug|Any CPU.ActiveCfg = Debug|Any CPU
		{D7765E97-B97D-4C51-B30A-018DA4A60026}.Debug|Any CPU.Build.0 = Debug|Any CPU
		{D7765E97-B97D-4C51-B30A-018DA4A60026}.Release|Any CPU.ActiveCfg = Release|Any CPU
		{D7765E97-B97D-4C51-B30A-018DA4A60026}.Release|Any CPU.Build.0 = Release|Any CPU
	EndGlobalSection
	GlobalSection(SolutionProperties) = preSolution
		HideSolutionNode = FALSE
	EndGlobalSection
	GlobalSection(ExtensibilityGlobals) = postSolution
		SolutionGuid = {B773E0AB-B5DB-44EB-9227-852B4E96DA33}
	EndGlobalSection
EndGlobal
