
Microsoft Visual Studio Solution File, Format Version 12.00
# Visual Studio Version 16
VisualStudioVersion = 16.0.30128.74
MinimumVisualStudioVersion = 10.0.40219.1
Project("{FAE04EC0-301F-11D3-BF4B-00C04F79EFBC}") = "SuperClassAssignment", "SuperClassAssignment\SuperClassAssignment.csproj", "{4E48B9A2-ABBD-487A-AABA-ED93EBCDCB12}"
EndProject
Global
	GlobalSection(SolutionConfigurationPlatforms) = preSolution
		Debug|Any CPU = Debug|Any CPU
		Release|Any CPU = Release|Any CPU
	EndGlobalSection
	GlobalSection(ProjectConfigurationPlatforms) = postSolution
		{4E48B9A2-ABBD-487A-AABA-ED93EBCDCB12}.Debug|Any CPU.ActiveCfg = Debug|Any CPU
		{4E48B9A2-ABBD-487A-AABA-ED93EBCDCB12}.Debug|Any CPU.Build.0 = Debug|Any CPU
		{4E48B9A2-ABBD-487A-AABA-ED93EBCDCB12}.Release|Any CPU.ActiveCfg = Release|Any CPU
		{4E48B9A2-ABBD-487A-AABA-ED93EBCDCB12}.Release|Any CPU.Build.0 = Release|Any CPU
	EndGlobalSection
	GlobalSection(SolutionProperties) = preSolution
		HideSolutionNode = FALSE
	EndGlobalSection
	GlobalSection(ExtensibilityGlobals) = postSolution
		SolutionGuid = {78A77FD2-9676-4381-B6B6-4501A34385A2}
	EndGlobalSection
EndGlobal
