
Microsoft Visual Studio Solution File, Format Version 12.00
# Visual Studio Version 16
VisualStudioVersion = 16.0.30128.74
MinimumVisualStudioVersion = 10.0.40219.1
Project("{FAE04EC0-301F-11D3-BF4B-00C04F79EFBC}") = "StringAssignment", "StringAssignment\StringAssignment.csproj", "{A4BCF4AC-9A4D-42F2-AAD0-506FBBE8A4FF}"
EndProject
Global
	GlobalSection(SolutionConfigurationPlatforms) = preSolution
		Debug|Any CPU = Debug|Any CPU
		Release|Any CPU = Release|Any CPU
	EndGlobalSection
	GlobalSection(ProjectConfigurationPlatforms) = postSolution
		{A4BCF4AC-9A4D-42F2-AAD0-506FBBE8A4FF}.Debug|Any CPU.ActiveCfg = Debug|Any CPU
		{A4BCF4AC-9A4D-42F2-AAD0-506FBBE8A4FF}.Debug|Any CPU.Build.0 = Debug|Any CPU
		{A4BCF4AC-9A4D-42F2-AAD0-506FBBE8A4FF}.Release|Any CPU.ActiveCfg = Release|Any CPU
		{A4BCF4AC-9A4D-42F2-AAD0-506FBBE8A4FF}.Release|Any CPU.Build.0 = Release|Any CPU
	EndGlobalSection
	GlobalSection(SolutionProperties) = preSolution
		HideSolutionNode = FALSE
	EndGlobalSection
	GlobalSection(ExtensibilityGlobals) = postSolution
		SolutionGuid = {ECF61F09-521B-4CBD-82B3-2758BC00B256}
	EndGlobalSection
EndGlobal
